// !$*UTF8*$!
{
	archiveVersion = 1;
	classes = {
	};
	objectVersion = 46;
	objects = {

/* Begin PBXBuildFile section */
		3B488D4916B52252004B6FF1 /* ATCoreDataTableViewController.m in Sources */ = {isa = PBXBuildFile; fileRef = 3B488D4816B52252004B6FF1 /* ATCoreDataTableViewController.m */; };
		3B488D4D16B52574004B6FF1 /* IXNotebookViewController.m in Sources */ = {isa = PBXBuildFile; fileRef = 3B488D4C16B52574004B6FF1 /* IXNotebookViewController.m */; };
		3B488D5316B52F6F004B6FF1 /* UIViewController+Navigation.m in Sources */ = {isa = PBXBuildFile; fileRef = 3B488D5216B52F6F004B6FF1 /* UIViewController+Navigation.m */; };
		3B488D5916B54601004B6FF1 /* IXNoteViewController.m in Sources */ = {isa = PBXBuildFile; fileRef = 3B488D5816B54601004B6FF1 /* IXNoteViewController.m */; };
		3B488D9416B58EC1004B6FF1 /* IXSingleNoteViewController.m in Sources */ = {isa = PBXBuildFile; fileRef = 3B488D9216B58EC1004B6FF1 /* IXSingleNoteViewController.m */; };
		3B488D9516B58EC1004B6FF1 /* IXSingleNoteViewController.xib in Resources */ = {isa = PBXBuildFile; fileRef = 3B488D9316B58EC1004B6FF1 /* IXSingleNoteViewController.xib */; };
		3B9AFE6B16B3F254003553B3 /* UIKit.framework in Frameworks */ = {isa = PBXBuildFile; fileRef = 3B9AFE6A16B3F254003553B3 /* UIKit.framework */; };
		3B9AFE6D16B3F254003553B3 /* Foundation.framework in Frameworks */ = {isa = PBXBuildFile; fileRef = 3B9AFE6C16B3F254003553B3 /* Foundation.framework */; };
		3B9AFE6F16B3F254003553B3 /* CoreGraphics.framework in Frameworks */ = {isa = PBXBuildFile; fileRef = 3B9AFE6E16B3F254003553B3 /* CoreGraphics.framework */; };
		3B9AFE7516B3F254003553B3 /* InfoPlist.strings in Resources */ = {isa = PBXBuildFile; fileRef = 3B9AFE7316B3F254003553B3 /* InfoPlist.strings */; };
		3B9AFE7716B3F254003553B3 /* main.m in Sources */ = {isa = PBXBuildFile; fileRef = 3B9AFE7616B3F254003553B3 /* main.m */; };
		3B9AFE7B16B3F254003553B3 /* IXAppDelegate.m in Sources */ = {isa = PBXBuildFile; fileRef = 3B9AFE7A16B3F254003553B3 /* IXAppDelegate.m */; };
		3B9AFE7D16B3F254003553B3 /* Default.png in Resources */ = {isa = PBXBuildFile; fileRef = 3B9AFE7C16B3F254003553B3 /* Default.png */; };
		3B9AFE7F16B3F254003553B3 /* Default@2x.png in Resources */ = {isa = PBXBuildFile; fileRef = 3B9AFE7E16B3F254003553B3 /* Default@2x.png */; };
		3B9AFE8116B3F254003553B3 /* Default-568h@2x.png in Resources */ = {isa = PBXBuildFile; fileRef = 3B9AFE8016B3F254003553B3 /* Default-568h@2x.png */; };
		3B9AFE8B16B3F294003553B3 /* ATCoreDataStack.m in Sources */ = {isa = PBXBuildFile; fileRef = 3B9AFE8816B3F294003553B3 /* ATCoreDataStack.m */; };
		3B9AFE8E16B3F2AA003553B3 /* CoreData.framework in Frameworks */ = {isa = PBXBuildFile; fileRef = 3B9AFE8D16B3F2AA003553B3 /* CoreData.framework */; };
		3B9AFE9116B3F891003553B3 /* Everpobre.xcdatamodeld in Sources */ = {isa = PBXBuildFile; fileRef = 3B9AFE8F16B3F891003553B3 /* Everpobre.xcdatamodeld */; };
		3B9AFEA116B4399D003553B3 /* Note.m in Sources */ = {isa = PBXBuildFile; fileRef = 3B9AFE9E16B4399D003553B3 /* Note.m */; };
		3B9AFEA216B4399D003553B3 /* Notebook.m in Sources */ = {isa = PBXBuildFile; fileRef = 3B9AFEA016B4399D003553B3 /* Notebook.m */; };
		3B9AFEA716B43A40003553B3 /* _Note.m in Sources */ = {isa = PBXBuildFile; fileRef = 3B9AFEA416B43A40003553B3 /* _Note.m */; };
		3B9AFEA816B43A40003553B3 /* _Notebook.m in Sources */ = {isa = PBXBuildFile; fileRef = 3B9AFEA616B43A40003553B3 /* _Notebook.m */; };
/* End PBXBuildFile section */

/* Begin PBXFileReference section */
		3B488D4716B52252004B6FF1 /* ATCoreDataTableViewController.h */ = {isa = PBXFileReference; fileEncoding = 4; lastKnownFileType = sourcecode.c.h; path = ATCoreDataTableViewController.h; sourceTree = "<group>"; };
		3B488D4816B52252004B6FF1 /* ATCoreDataTableViewController.m */ = {isa = PBXFileReference; fileEncoding = 4; lastKnownFileType = sourcecode.c.objc; path = ATCoreDataTableViewController.m; sourceTree = "<group>"; };
		3B488D4B16B52574004B6FF1 /* IXNotebookViewController.h */ = {isa = PBXFileReference; fileEncoding = 4; lastKnownFileType = sourcecode.c.h; path = IXNotebookViewController.h; sourceTree = "<group>"; };
		3B488D4C16B52574004B6FF1 /* IXNotebookViewController.m */ = {isa = PBXFileReference; fileEncoding = 4; lastKnownFileType = sourcecode.c.objc; path = IXNotebookViewController.m; sourceTree = "<group>"; };
		3B488D5116B52F6F004B6FF1 /* UIViewController+Navigation.h */ = {isa = PBXFileReference; fileEncoding = 4; lastKnownFileType = sourcecode.c.h; path = "UIViewController+Navigation.h"; sourceTree = "<group>"; };
		3B488D5216B52F6F004B6FF1 /* UIViewController+Navigation.m */ = {isa = PBXFileReference; fileEncoding = 4; lastKnownFileType = sourcecode.c.objc; path = "UIViewController+Navigation.m"; sourceTree = "<group>"; };
		3B488D5716B54601004B6FF1 /* IXNoteViewController.h */ = {isa = PBXFileReference; fileEncoding = 4; lastKnownFileType = sourcecode.c.h; path = IXNoteViewController.h; sourceTree = "<group>"; };
		3B488D5816B54601004B6FF1 /* IXNoteViewController.m */ = {isa = PBXFileReference; fileEncoding = 4; lastKnownFileType = sourcecode.c.objc; path = IXNoteViewController.m; sourceTree = "<group>"; };
		3B488D5A16B57301004B6FF1 /* Settings.h */ = {isa = PBXFileReference; fileEncoding = 4; lastKnownFileType = sourcecode.c.h; path = Settings.h; sourceTree = "<group>"; };
		3B488D9116B58EC1004B6FF1 /* IXSingleNoteViewController.h */ = {isa = PBXFileReference; fileEncoding = 4; lastKnownFileType = sourcecode.c.h; path = IXSingleNoteViewController.h; sourceTree = "<group>"; };
		3B488D9216B58EC1004B6FF1 /* IXSingleNoteViewController.m */ = {isa = PBXFileReference; fileEncoding = 4; lastKnownFileType = sourcecode.c.objc; path = IXSingleNoteViewController.m; sourceTree = "<group>"; };
		3B488D9316B58EC1004B6FF1 /* IXSingleNoteViewController.xib */ = {isa = PBXFileReference; fileEncoding = 4; lastKnownFileType = file.xib; path = IXSingleNoteViewController.xib; sourceTree = "<group>"; };
		3B9AFE6616B3F254003553B3 /* Everpobre.app */ = {isa = PBXFileReference; explicitFileType = wrapper.application; includeInIndex = 0; path = Everpobre.app; sourceTree = BUILT_PRODUCTS_DIR; };
		3B9AFE6A16B3F254003553B3 /* UIKit.framework */ = {isa = PBXFileReference; lastKnownFileType = wrapper.framework; name = UIKit.framework; path = System/Library/Frameworks/UIKit.framework; sourceTree = SDKROOT; };
		3B9AFE6C16B3F254003553B3 /* Foundation.framework */ = {isa = PBXFileReference; lastKnownFileType = wrapper.framework; name = Foundation.framework; path = System/Library/Frameworks/Foundation.framework; sourceTree = SDKROOT; };
		3B9AFE6E16B3F254003553B3 /* CoreGraphics.framework */ = {isa = PBXFileReference; lastKnownFileType = wrapper.framework; name = CoreGraphics.framework; path = System/Library/Frameworks/CoreGraphics.framework; sourceTree = SDKROOT; };
		3B9AFE7216B3F254003553B3 /* Everpobre-Info.plist */ = {isa = PBXFileReference; lastKnownFileType = text.plist.xml; path = "Everpobre-Info.plist"; sourceTree = "<group>"; };
		3B9AFE7416B3F254003553B3 /* en */ = {isa = PBXFileReference; lastKnownFileType = text.plist.strings; name = en; path = en.lproj/InfoPlist.strings; sourceTree = "<group>"; };
		3B9AFE7616B3F254003553B3 /* main.m */ = {isa = PBXFileReference; lastKnownFileType = sourcecode.c.objc; path = main.m; sourceTree = "<group>"; };
		3B9AFE7816B3F254003553B3 /* Everpobre-Prefix.pch */ = {isa = PBXFileReference; lastKnownFileType = sourcecode.c.h; path = "Everpobre-Prefix.pch"; sourceTree = "<group>"; };
		3B9AFE7916B3F254003553B3 /* IXAppDelegate.h */ = {isa = PBXFileReference; lastKnownFileType = sourcecode.c.h; path = IXAppDelegate.h; sourceTree = "<group>"; };
		3B9AFE7A16B3F254003553B3 /* IXAppDelegate.m */ = {isa = PBXFileReference; lastKnownFileType = sourcecode.c.objc; path = IXAppDelegate.m; sourceTree = "<group>"; };
		3B9AFE7C16B3F254003553B3 /* Default.png */ = {isa = PBXFileReference; lastKnownFileType = image.png; path = Default.png; sourceTree = "<group>"; };
		3B9AFE7E16B3F254003553B3 /* Default@2x.png */ = {isa = PBXFileReference; lastKnownFileType = image.png; path = "Default@2x.png"; sourceTree = "<group>"; };
		3B9AFE8016B3F254003553B3 /* Default-568h@2x.png */ = {isa = PBXFileReference; lastKnownFileType = image.png; path = "Default-568h@2x.png"; sourceTree = "<group>"; };
		3B9AFE8716B3F294003553B3 /* ATCoreDataStack.h */ = {isa = PBXFileReference; fileEncoding = 4; lastKnownFileType = sourcecode.c.h; path = ATCoreDataStack.h; sourceTree = "<group>"; };
		3B9AFE8816B3F294003553B3 /* ATCoreDataStack.m */ = {isa = PBXFileReference; fileEncoding = 4; lastKnownFileType = sourcecode.c.objc; path = ATCoreDataStack.m; sourceTree = "<group>"; };
		3B9AFE8D16B3F2AA003553B3 /* CoreData.framework */ = {isa = PBXFileReference; lastKnownFileType = wrapper.framework; name = CoreData.framework; path = System/Library/Frameworks/CoreData.framework; sourceTree = SDKROOT; };
		3B9AFE9016B3F891003553B3 /* Everpobre.xcdatamodel */ = {isa = PBXFileReference; lastKnownFileType = wrapper.xcdatamodel; path = Everpobre.xcdatamodel; sourceTree = "<group>"; };
		3B9AFE9D16B4399D003553B3 /* Note.h */ = {isa = PBXFileReference; fileEncoding = 4; lastKnownFileType = sourcecode.c.h; path = Note.h; sourceTree = "<group>"; };
		3B9AFE9E16B4399D003553B3 /* Note.m */ = {isa = PBXFileReference; fileEncoding = 4; lastKnownFileType = sourcecode.c.objc; path = Note.m; sourceTree = "<group>"; };
		3B9AFE9F16B4399D003553B3 /* Notebook.h */ = {isa = PBXFileReference; fileEncoding = 4; lastKnownFileType = sourcecode.c.h; path = Notebook.h; sourceTree = "<group>"; };
		3B9AFEA016B4399D003553B3 /* Notebook.m */ = {isa = PBXFileReference; fileEncoding = 4; lastKnownFileType = sourcecode.c.objc; path = Notebook.m; sourceTree = "<group>"; };
		3B9AFEA316B43A40003553B3 /* _Note.h */ = {isa = PBXFileReference; fileEncoding = 4; lastKnownFileType = sourcecode.c.h; path = _Note.h; sourceTree = "<group>"; };
		3B9AFEA416B43A40003553B3 /* _Note.m */ = {isa = PBXFileReference; fileEncoding = 4; lastKnownFileType = sourcecode.c.objc; path = _Note.m; sourceTree = "<group>"; };
		3B9AFEA516B43A40003553B3 /* _Notebook.h */ = {isa = PBXFileReference; fileEncoding = 4; lastKnownFileType = sourcecode.c.h; path = _Notebook.h; sourceTree = "<group>"; };
		3B9AFEA616B43A40003553B3 /* _Notebook.m */ = {isa = PBXFileReference; fileEncoding = 4; lastKnownFileType = sourcecode.c.objc; path = _Notebook.m; sourceTree = "<group>"; };
/* End PBXFileReference section */

/* Begin PBXFrameworksBuildPhase section */
		3B9AFE6316B3F254003553B3 /* Frameworks */ = {
			isa = PBXFrameworksBuildPhase;
			buildActionMask = 2147483647;
			files = (
				3B9AFE8E16B3F2AA003553B3 /* CoreData.framework in Frameworks */,
				3B9AFE6B16B3F254003553B3 /* UIKit.framework in Frameworks */,
				3B9AFE6D16B3F254003553B3 /* Foundation.framework in Frameworks */,
				3B9AFE6F16B3F254003553B3 /* CoreGraphics.framework in Frameworks */,
			);
			runOnlyForDeploymentPostprocessing = 0;
		};
/* End PBXFrameworksBuildPhase section */

/* Begin PBXGroup section */
		3B488D4E16B5259A004B6FF1 /* Controllers */ = {
			isa = PBXGroup;
			children = (
				3B488D4716B52252004B6FF1 /* ATCoreDataTableViewController.h */,
				3B488D4816B52252004B6FF1 /* ATCoreDataTableViewController.m */,
				3B488D4B16B52574004B6FF1 /* IXNotebookViewController.h */,
				3B488D4C16B52574004B6FF1 /* IXNotebookViewController.m */,
				3B488D5716B54601004B6FF1 /* IXNoteViewController.h */,
				3B488D5816B54601004B6FF1 /* IXNoteViewController.m */,
				3B488D9116B58EC1004B6FF1 /* IXSingleNoteViewController.h */,
				3B488D9216B58EC1004B6FF1 /* IXSingleNoteViewController.m */,
				3B488D9316B58EC1004B6FF1 /* IXSingleNoteViewController.xib */,
			);
			name = Controllers;
			sourceTree = "<group>";
		};
		3B488D4F16B525B6004B6FF1 /* Models */ = {
			isa = PBXGroup;
			children = (
				3B9AFE8716B3F294003553B3 /* ATCoreDataStack.h */,
				3B9AFE8816B3F294003553B3 /* ATCoreDataStack.m */,
			);
			name = Models;
			sourceTree = "<group>";
		};
		3B488D5016B525BE004B6FF1 /* Core Data */ = {
			isa = PBXGroup;
			children = (
				3B9AFE8F16B3F891003553B3 /* Everpobre.xcdatamodeld */,
				3B488D5516B53523004B6FF1 /* Core Date Classes */,
			);
			name = "Core Data";
			sourceTree = "<group>";
		};
		3B488D5416B52F7C004B6FF1 /* Categories */ = {
			isa = PBXGroup;
			children = (
				3B488D5116B52F6F004B6FF1 /* UIViewController+Navigation.h */,
				3B488D5216B52F6F004B6FF1 /* UIViewController+Navigation.m */,
			);
			name = Categories;
			sourceTree = "<group>";
		};
		3B488D5516B53523004B6FF1 /* Core Date Classes */ = {
			isa = PBXGroup;
			children = (
				3B9AFE9D16B4399D003553B3 /* Note.h */,
				3B9AFE9E16B4399D003553B3 /* Note.m */,
				3B9AFE9F16B4399D003553B3 /* Notebook.h */,
				3B9AFEA016B4399D003553B3 /* Notebook.m */,
				3B488D5616B5352F004B6FF1 /* moGenerator Classes */,
			);
			name = "Core Date Classes";
			sourceTree = "<group>";
		};
		3B488D5616B5352F004B6FF1 /* moGenerator Classes */ = {
			isa = PBXGroup;
			children = (
				3B9AFEA316B43A40003553B3 /* _Note.h */,
				3B9AFEA416B43A40003553B3 /* _Note.m */,
				3B9AFEA516B43A40003553B3 /* _Notebook.h */,
				3B9AFEA616B43A40003553B3 /* _Notebook.m */,
			);
			name = "moGenerator Classes";
			sourceTree = "<group>";
		};
		3B9AFE5B16B3F254003553B3 = {
			isa = PBXGroup;
			children = (
				3B9AFE7016B3F254003553B3 /* Everpobre */,
				3B9AFE6916B3F254003553B3 /* Frameworks */,
				3B9AFE6716B3F254003553B3 /* Products */,
			);
			sourceTree = "<group>";
		};
		3B9AFE6716B3F254003553B3 /* Products */ = {
			isa = PBXGroup;
			children = (
				3B9AFE6616B3F254003553B3 /* Everpobre.app */,
			);
			name = Products;
			sourceTree = "<group>";
		};
		3B9AFE6916B3F254003553B3 /* Frameworks */ = {
			isa = PBXGroup;
			children = (
				3B9AFE8D16B3F2AA003553B3 /* CoreData.framework */,
				3B9AFE6A16B3F254003553B3 /* UIKit.framework */,
				3B9AFE6C16B3F254003553B3 /* Foundation.framework */,
				3B9AFE6E16B3F254003553B3 /* CoreGraphics.framework */,
			);
			name = Frameworks;
			sourceTree = "<group>";
		};
		3B9AFE7016B3F254003553B3 /* Everpobre */ = {
			isa = PBXGroup;
			children = (
				3B9AFE7916B3F254003553B3 /* IXAppDelegate.h */,
				3B9AFE7A16B3F254003553B3 /* IXAppDelegate.m */,
				3B488D4F16B525B6004B6FF1 /* Models */,
				3B488D4E16B5259A004B6FF1 /* Controllers */,
				3B488D5416B52F7C004B6FF1 /* Categories */,
				3B488D5016B525BE004B6FF1 /* Core Data */,
				3B9AFE7116B3F254003553B3 /* Supporting Files */,
			);
			path = Everpobre;
			sourceTree = "<group>";
		};
		3B9AFE7116B3F254003553B3 /* Supporting Files */ = {
			isa = PBXGroup;
			children = (
				3B488D5A16B57301004B6FF1 /* Settings.h */,
				3B9AFE7216B3F254003553B3 /* Everpobre-Info.plist */,
				3B9AFE7316B3F254003553B3 /* InfoPlist.strings */,
				3B9AFE7616B3F254003553B3 /* main.m */,
				3B9AFE7816B3F254003553B3 /* Everpobre-Prefix.pch */,
				3B9AFE7C16B3F254003553B3 /* Default.png */,
				3B9AFE7E16B3F254003553B3 /* Default@2x.png */,
				3B9AFE8016B3F254003553B3 /* Default-568h@2x.png */,
			);
			name = "Supporting Files";
			sourceTree = "<group>";
		};
/* End PBXGroup section */

/* Begin PBXNativeTarget section */
		3B9AFE6516B3F254003553B3 /* Everpobre */ = {
			isa = PBXNativeTarget;
			buildConfigurationList = 3B9AFE8416B3F254003553B3 /* Build configuration list for PBXNativeTarget "Everpobre" */;
			buildPhases = (
				3B9AFE6216B3F254003553B3 /* Sources */,
				3B9AFE6316B3F254003553B3 /* Frameworks */,
				3B9AFE6416B3F254003553B3 /* Resources */,
			);
			buildRules = (
			);
			dependencies = (
			);
			name = Everpobre;
			productName = Everpobre;
			productReference = 3B9AFE6616B3F254003553B3 /* Everpobre.app */;
			productType = "com.apple.product-type.application";
		};
/* End PBXNativeTarget section */

/* Begin PBXProject section */
		3B9AFE5D16B3F254003553B3 /* Project object */ = {
			isa = PBXProject;
			attributes = {
				CLASSPREFIX = IX;
				LastUpgradeCheck = 0450;
				ORGANIZATIONNAME = ixavy;
			};
			buildConfigurationList = 3B9AFE6016B3F254003553B3 /* Build configuration list for PBXProject "Everpobre" */;
			compatibilityVersion = "Xcode 3.2";
			developmentRegion = English;
			hasScannedForEncodings = 0;
			knownRegions = (
				en,
			);
			mainGroup = 3B9AFE5B16B3F254003553B3;
			productRefGroup = 3B9AFE6716B3F254003553B3 /* Products */;
			projectDirPath = "";
			projectRoot = "";
			targets = (
				3B9AFE6516B3F254003553B3 /* Everpobre */,
			);
		};
/* End PBXProject section */

/* Begin PBXResourcesBuildPhase section */
		3B9AFE6416B3F254003553B3 /* Resources */ = {
			isa = PBXResourcesBuildPhase;
			buildActionMask = 2147483647;
			files = (
				3B9AFE7516B3F254003553B3 /* InfoPlist.strings in Resources */,
				3B9AFE7D16B3F254003553B3 /* Default.png in Resources */,
				3B9AFE7F16B3F254003553B3 /* Default@2x.png in Resources */,
				3B9AFE8116B3F254003553B3 /* Default-568h@2x.png in Resources */,
				3B488D9516B58EC1004B6FF1 /* IXSingleNoteViewController.xib in Resources */,
			);
			runOnlyForDeploymentPostprocessing = 0;
		};
/* End PBXResourcesBuildPhase section */

/* Begin PBXSourcesBuildPhase section */
		3B9AFE6216B3F254003553B3 /* Sources */ = {
			isa = PBXSourcesBuildPhase;
			buildActionMask = 2147483647;
			files = (
				3B9AFE7716B3F254003553B3 /* main.m in Sources */,
				3B9AFE7B16B3F254003553B3 /* IXAppDelegate.m in Sources */,
				3B9AFE8B16B3F294003553B3 /* ATCoreDataStack.m in Sources */,
				3B9AFE9116B3F891003553B3 /* Everpobre.xcdatamodeld in Sources */,
				3B9AFEA116B4399D003553B3 /* Note.m in Sources */,
				3B9AFEA216B4399D003553B3 /* Notebook.m in Sources */,
				3B9AFEA716B43A40003553B3 /* _Note.m in Sources */,
				3B9AFEA816B43A40003553B3 /* _Notebook.m in Sources */,
				3B488D4916B52252004B6FF1 /* ATCoreDataTableViewController.m in Sources */,
				3B488D4D16B52574004B6FF1 /* IXNotebookViewController.m in Sources */,
				3B488D5316B52F6F004B6FF1 /* UIViewController+Navigation.m in Sources */,
				3B488D5916B54601004B6FF1 /* IXNoteViewController.m in Sources */,
				3B488D9416B58EC1004B6FF1 /* IXSingleNoteViewController.m in Sources */,
			);
			runOnlyForDeploymentPostprocessing = 0;
		};
/* End PBXSourcesBuildPhase section */

/* Begin PBXVariantGroup section */
		3B9AFE7316B3F254003553B3 /* InfoPlist.strings */ = {
			isa = PBXVariantGroup;
			children = (
				3B9AFE7416B3F254003553B3 /* en */,
			);
			name = InfoPlist.strings;
			sourceTree = "<group>";
		};
/* End PBXVariantGroup section */

/* Begin XCBuildConfiguration section */
		3B9AFE8216B3F254003553B3 /* Debug */ = {
			isa = XCBuildConfiguration;
			buildSettings = {
				ALWAYS_SEARCH_USER_PATHS = NO;
				CLANG_CXX_LANGUAGE_STANDARD = "gnu++0x";
				CLANG_CXX_LIBRARY = "libc++";
				CLANG_ENABLE_OBJC_ARC = YES;
				CLANG_WARN_EMPTY_BODY = YES;
				CLANG_WARN__DUPLICATE_METHOD_MATCH = YES;
				"CODE_SIGN_IDENTITY[sdk=iphoneos*]" = "iPhone Developer";
				COPY_PHASE_STRIP = NO;
				GCC_C_LANGUAGE_STANDARD = gnu99;
				GCC_DYNAMIC_NO_PIC = NO;
				GCC_OPTIMIZATION_LEVEL = 0;
				GCC_PREPROCESSOR_DEFINITIONS = (
					"DEBUG=1",
					"$(inherited)",
				);
				GCC_SYMBOLS_PRIVATE_EXTERN = NO;
				GCC_WARN_ABOUT_RETURN_TYPE = YES;
				GCC_WARN_UNINITIALIZED_AUTOS = YES;
				GCC_WARN_UNUSED_VARIABLE = YES;
				IPHONEOS_DEPLOYMENT_TARGET = 6.0;
				ONLY_ACTIVE_ARCH = YES;
				SDKROOT = iphoneos;
			};
			name = Debug;
		};
		3B9AFE8316B3F254003553B3 /* Release */ = {
			isa = XCBuildConfiguration;
			buildSettings = {
				ALWAYS_SEARCH_USER_PATHS = NO;
				CLANG_CXX_LANGUAGE_STANDARD = "gnu++0x";
				CLANG_CXX_LIBRARY = "libc++";
				CLANG_ENABLE_OBJC_ARC = YES;
				CLANG_WARN_EMPTY_BODY = YES;
				CLANG_WARN__DUPLICATE_METHOD_MATCH = YES;
				"CODE_SIGN_IDENTITY[sdk=iphoneos*]" = "iPhone Developer";
				COPY_PHASE_STRIP = YES;
				GCC_C_LANGUAGE_STANDARD = gnu99;
				GCC_WARN_ABOUT_RETURN_TYPE = YES;
				GCC_WARN_UNINITIALIZED_AUTOS = YES;
				GCC_WARN_UNUSED_VARIABLE = YES;
				IPHONEOS_DEPLOYMENT_TARGET = 6.0;
				OTHER_CFLAGS = "-DNS_BLOCK_ASSERTIONS=1";
				SDKROOT = iphoneos;
				VALIDATE_PRODUCT = YES;
			};
			name = Release;
		};
		3B9AFE8516B3F254003553B3 /* Debug */ = {
			isa = XCBuildConfiguration;
			buildSettings = {
				GCC_PRECOMPILE_PREFIX_HEADER = YES;
				GCC_PREFIX_HEADER = "Everpobre/Everpobre-Prefix.pch";
				INFOPLIST_FILE = "Everpobre/Everpobre-Info.plist";
				PRODUCT_NAME = "$(TARGET_NAME)";
				WRAPPER_EXTENSION = app;
			};
			name = Debug;
		};
		3B9AFE8616B3F254003553B3 /* Release */ = {
			isa = XCBuildConfiguration;
			buildSettings = {
				GCC_PRECOMPILE_PREFIX_HEADER = YES;
				GCC_PREFIX_HEADER = "Everpobre/Everpobre-Prefix.pch";
				INFOPLIST_FILE = "Everpobre/Everpobre-Info.plist";
				PRODUCT_NAME = "$(TARGET_NAME)";
				WRAPPER_EXTENSION = app;
			};
			name = Release;
		};
/* End XCBuildConfiguration section */

/* Begin XCConfigurationList section */
		3B9AFE6016B3F254003553B3 /* Build configuration list for PBXProject "Everpobre" */ = {
			isa = XCConfigurationList;
			buildConfigurations = (
				3B9AFE8216B3F254003553B3 /* Debug */,
				3B9AFE8316B3F254003553B3 /* Release */,
			);
			defaultConfigurationIsVisible = 0;
			defaultConfigurationName = Release;
		};
		3B9AFE8416B3F254003553B3 /* Build configuration list for PBXNativeTarget "Everpobre" */ = {
			isa = XCConfigurationList;
			buildConfigurations = (
				3B9AFE8516B3F254003553B3 /* Debug */,
				3B9AFE8616B3F254003553B3 /* Release */,
			);
			defaultConfigurationIsVisible = 0;
			defaultConfigurationName = Release;
		};
/* End XCConfigurationList section */

/* Begin XCVersionGroup section */
		3B9AFE8F16B3F891003553B3 /* Everpobre.xcdatamodeld */ = {
			isa = XCVersionGroup;
			children = (
				3B9AFE9016B3F891003553B3 /* Everpobre.xcdatamodel */,
			);
			currentVersion = 3B9AFE9016B3F891003553B3 /* Everpobre.xcdatamodel */;
			path = Everpobre.xcdatamodeld;
			sourceTree = "<group>";
			versionGroupType = wrapper.xcdatamodel;
		};
/* End XCVersionGroup section */
	};
	rootObject = 3B9AFE5D16B3F254003553B3 /* Project object */;
}
